
Microsoft Visual Studio Solution File, Format Version 12.00
# Visual Studio Version 16
VisualStudioVersion = 16.0.28922.388
MinimumVisualStudioVersion = 10.0.40219.1
Project("{9A19103F-16F7-4668-BE54-9A1E7A4F7556}") = "FullStackFullTime", "FullStackFullTime\FullStackFullTime.csproj", "{5E947A8E-C746-4FBF-ADB3-DD8DE0218949}"
EndProject
Project("{FAE04EC0-301F-11D3-BF4B-00C04F79EFBC}") = "FullStackFullTime-FrontEnd", "FullStackFullTime-FrontEnd\FullStackFullTime-FrontEnd.csproj", "{5B425B82-525E-4CEF-B5F5-7472507F85D9}"
EndProject
Global
	GlobalSection(SolutionConfigurationPlatforms) = preSolution
		Debug|Any CPU = Debug|Any CPU
		Release|Any CPU = Release|Any CPU
	EndGlobalSection
	GlobalSection(ProjectConfigurationPlatforms) = postSolution
		{5E947A8E-C746-4FBF-ADB3-DD8DE0218949}.Debug|Any CPU.ActiveCfg = Debug|Any CPU
		{5E947A8E-C746-4FBF-ADB3-DD8DE0218949}.Debug|Any CPU.Build.0 = Debug|Any CPU
		{5E947A8E-C746-4FBF-ADB3-DD8DE0218949}.Release|Any CPU.ActiveCfg = Release|Any CPU
		{5E947A8E-C746-4FBF-ADB3-DD8DE0218949}.Release|Any CPU.Build.0 = Release|Any CPU
		{5B425B82-525E-4CEF-B5F5-7472507F85D9}.Debug|Any CPU.ActiveCfg = Debug|Any CPU
		{5B425B82-525E-4CEF-B5F5-7472507F85D9}.Debug|Any CPU.Build.0 = Debug|Any CPU
		{5B425B82-525E-4CEF-B5F5-7472507F85D9}.Release|Any CPU.ActiveCfg = Release|Any CPU
		{5B425B82-525E-4CEF-B5F5-7472507F85D9}.Release|Any CPU.Build.0 = Release|Any CPU
	EndGlobalSection
	GlobalSection(SolutionProperties) = preSolution
		HideSolutionNode = FALSE
	EndGlobalSection
	GlobalSection(ExtensibilityGlobals) = postSolution
		SolutionGuid = {DD1E5AF6-F092-4D63-B769-FA15B62DDD46}
	EndGlobalSection
EndGlobal
